
Microsoft Visual Studio Solution File, Format Version 12.00
# Visual Studio Version 17
VisualStudioVersion = 17.4.33205.214
MinimumVisualStudioVersion = 10.0.40219.1
Project("{FAE04EC0-301F-11D3-BF4B-00C04F79EFBC}") = "Project1", "Project1\Project1.csproj", "{725F558B-C028-4CFA-BDC7-24290207920D}"
EndProject
Global
	GlobalSection(SolutionConfigurationPlatforms) = preSolution
		Debug|Any CPU = Debug|Any CPU
		Release|Any CPU = Release|Any CPU
	EndGlobalSection
	GlobalSection(ProjectConfigurationPlatforms) = postSolution
		{725F558B-C028-4CFA-BDC7-24290207920D}.Debug|Any CPU.ActiveCfg = Debug|Any CPU
		{725F558B-C028-4CFA-BDC7-24290207920D}.Debug|Any CPU.Build.0 = Debug|Any CPU
		{725F558B-C028-4CFA-BDC7-24290207920D}.Release|Any CPU.ActiveCfg = Release|Any CPU
		{725F558B-C028-4CFA-BDC7-24290207920D}.Release|Any CPU.Build.0 = Release|Any CPU
	EndGlobalSection
	GlobalSection(SolutionProperties) = preSolution
		HideSolutionNode = FALSE
	EndGlobalSection
	GlobalSection(ExtensibilityGlobals) = postSolution
		SolutionGuid = {FBA321C4-1899-433B-845C-8D8CB52FD2C8}
	EndGlobalSection
EndGlobal
